Microsoft Visual Studio Solution File, Format Version 12.00
# Visual Studio Version 17
VisualStudioVersion = 17.5.2.0
MinimumVisualStudioVersion = 10.0.40219.1
Project("{FAE04EC0-301F-11D3-BF4B-00C04F79EFBC}") = "CampusShare.Web", "CampusShare.Web\CampusShare.Web.csproj", "{5B92B3FF-C819-2A61-7A3B-A63818FD932B}"
EndProject
Global
	GlobalSection(SolutionConfigurationPlatforms) = preSolution
		Debug|Any CPU = Debug|Any CPU
		Release|Any CPU = Release|Any CPU
	EndGlobalSection
	GlobalSection(ProjectConfigurationPlatforms) = postSolution
		{5B92B3FF-C819-2A61-7A3B-A63818FD932B}.Debug|Any CPU.ActiveCfg = Debug|Any CPU
		{5B92B3FF-C819-2A61-7A3B-A63818FD932B}.Debug|Any CPU.Build.0 = Debug|Any CPU
		{5B92B3FF-C819-2A61-7A3B-A63818FD932B}.Release|Any CPU.ActiveCfg = Release|Any CPU
		{5B92B3FF-C819-2A61-7A3B-A63818FD932B}.Release|Any CPU.Build.0 = Release|Any CPU
	EndGlobalSection
	GlobalSection(SolutionProperties) = preSolution
		HideSolutionNode = FALSE
	EndGlobalSection
	GlobalSection(ExtensibilityGlobals) = postSolution
		SolutionGuid = {03726C83-DEFC-4F9A-B4ED-6649E391F8D5}
	EndGlobalSection
EndGlobal
